
Microsoft Visual Studio Solution File, Format Version 12.00
# Visual Studio 14
VisualStudioVersion = 14.0.23107.0
MinimumVisualStudioVersion = 10.0.40219.1
Project("{E24C65DC-7377-472B-9ABA-BC803B73C61A}") = "Xcendant.HASL.Web", "Xcendant.HASL.Web\", "{81EA6DD3-A21B-489B-A9F2-823608FE50B7}"
	ProjectSection(WebsiteProperties) = preProject
		TargetFrameworkMoniker = ".NETFramework,Version%3Dv4.0"
		Debug.AspNetCompiler.VirtualPath = "/localhost_64692"
		Debug.AspNetCompiler.PhysicalPath = "Xcendant.HASL.Web\"
		Debug.AspNetCompiler.TargetPath = "PrecompiledWeb\localhost_64692\"
		Debug.AspNetCompiler.Updateable = "true"
		Debug.AspNetCompiler.ForceOverwrite = "true"
		Debug.AspNetCompiler.FixedNames = "false"
		Debug.AspNetCompiler.Debug = "True"
		Release.AspNetCompiler.VirtualPath = "/localhost_64692"
		Release.AspNetCompiler.PhysicalPath = "Xcendant.HASL.Web\"
		Release.AspNetCompiler.TargetPath = "PrecompiledWeb\localhost_64692\"
		Release.AspNetCompiler.Updateable = "true"
		Release.AspNetCompiler.ForceOverwrite = "true"
		Release.AspNetCompiler.FixedNames = "false"
		Release.AspNetCompiler.Debug = "False"
		VWDPort = "64692"
		SlnRelativePath = "Xcendant.HASL.Web\"
	EndProjectSection
EndProject
Project("{FAE04EC0-301F-11D3-BF4B-00C04F79EFBC}") = "Xcendant.Auth", "Xcendant.Auth\Xcendant.Auth.csproj", "{2A3C4BFC-982F-45B4-8FB1-51F40810AD9C}"
EndProject
Project("{FAE04EC0-301F-11D3-BF4B-00C04F79EFBC}") = "Xcendant.Auth.Tests", "Xcendant.Auth.Tests\Xcendant.Auth.Tests.csproj", "{EB4471A1-27FF-4AEA-AB69-0DF131939CD9}"
EndProject
Project("{FAE04EC0-301F-11D3-BF4B-00C04F79EFBC}") = "Xcendant.HASL.API", "Xcendant.HASL.API\Xcendant.HASL.API.csproj", "{43442278-E76D-4B98-9243-ECC4C776B609}"
EndProject
Project("{FAE04EC0-301F-11D3-BF4B-00C04F79EFBC}") = "Xcendant.HASL.API.Tests", "Xcendant.HASL.API.Tests\Xcendant.HASL.API.Tests.csproj", "{B18FF184-003A-4E27-B670-F3615627A988}"
EndProject
Project("{FAE04EC0-301F-11D3-BF4B-00C04F79EFBC}") = "Xcendant.HASL.DataAccess", "Xcendant.HASL.DataAccess\Xcendant.HASL.DataAccess.csproj", "{0D9F95C8-9EE1-4578-8B1D-44A7CE83EA81}"
EndProject
Project("{FAE04EC0-301F-11D3-BF4B-00C04F79EFBC}") = "Xcendant.HASL.Services", "Xcendant.HASL.Services\Xcendant.HASL.Services.csproj", "{C1729A63-FFC2-4CB1-A667-E46944449FF7}"
EndProject
Project("{FAE04EC0-301F-11D3-BF4B-00C04F79EFBC}") = "Xcendant.HASL.Services.Tests", "Xcendant.HASL.Services.Tests\Xcendant.HASL.Services.Tests.csproj", "{86CD04AB-902B-4D4B-95CD-7B667FF4B8A3}"
EndProject
Project("{FAE04EC0-301F-11D3-BF4B-00C04F79EFBC}") = "Xcendant.HASL.Entities", "Xcendant.HASL.Entities\Xcendant.HASL.Entities.csproj", "{5BF0C844-CFA5-4E87-AAD1-D548127CDCE0}"
EndProject
Global
	GlobalSection(SolutionConfigurationPlatforms) = preSolution
		Debug|Any CPU = Debug|Any CPU
		Release|Any CPU = Release|Any CPU
	EndGlobalSection
	GlobalSection(ProjectConfigurationPlatforms) = postSolution
		{81EA6DD3-A21B-489B-A9F2-823608FE50B7}.Debug|Any CPU.ActiveCfg = Debug|Any CPU
		{81EA6DD3-A21B-489B-A9F2-823608FE50B7}.Release|Any CPU.ActiveCfg = Debug|Any CPU
		{81EA6DD3-A21B-489B-A9F2-823608FE50B7}.Release|Any CPU.Build.0 = Debug|Any CPU
		{2A3C4BFC-982F-45B4-8FB1-51F40810AD9C}.Debug|Any CPU.ActiveCfg = Debug|Any CPU
		{2A3C4BFC-982F-45B4-8FB1-51F40810AD9C}.Debug|Any CPU.Build.0 = Debug|Any CPU
		{2A3C4BFC-982F-45B4-8FB1-51F40810AD9C}.Release|Any CPU.ActiveCfg = Release|Any CPU
		{2A3C4BFC-982F-45B4-8FB1-51F40810AD9C}.Release|Any CPU.Build.0 = Release|Any CPU
		{EB4471A1-27FF-4AEA-AB69-0DF131939CD9}.Debug|Any CPU.ActiveCfg = Debug|Any CPU
		{EB4471A1-27FF-4AEA-AB69-0DF131939CD9}.Debug|Any CPU.Build.0 = Debug|Any CPU
		{EB4471A1-27FF-4AEA-AB69-0DF131939CD9}.Release|Any CPU.ActiveCfg = Release|Any CPU
		{EB4471A1-27FF-4AEA-AB69-0DF131939CD9}.Release|Any CPU.Build.0 = Release|Any CPU
		{43442278-E76D-4B98-9243-ECC4C776B609}.Debug|Any CPU.ActiveCfg = Debug|Any CPU
		{43442278-E76D-4B98-9243-ECC4C776B609}.Debug|Any CPU.Build.0 = Debug|Any CPU
		{43442278-E76D-4B98-9243-ECC4C776B609}.Release|Any CPU.ActiveCfg = Release|Any CPU
		{43442278-E76D-4B98-9243-ECC4C776B609}.Release|Any CPU.Build.0 = Release|Any CPU
		{B18FF184-003A-4E27-B670-F3615627A988}.Debug|Any CPU.ActiveCfg = Debug|Any CPU
		{B18FF184-003A-4E27-B670-F3615627A988}.Debug|Any CPU.Build.0 = Debug|Any CPU
		{B18FF184-003A-4E27-B670-F3615627A988}.Release|Any CPU.ActiveCfg = Release|Any CPU
		{B18FF184-003A-4E27-B670-F3615627A988}.Release|Any CPU.Build.0 = Release|Any CPU
		{0D9F95C8-9EE1-4578-8B1D-44A7CE83EA81}.Debug|Any CPU.ActiveCfg = Debug|Any CPU
		{0D9F95C8-9EE1-4578-8B1D-44A7CE83EA81}.Debug|Any CPU.Build.0 = Debug|Any CPU
		{0D9F95C8-9EE1-4578-8B1D-44A7CE83EA81}.Release|Any CPU.ActiveCfg = Release|Any CPU
		{0D9F95C8-9EE1-4578-8B1D-44A7CE83EA81}.Release|Any CPU.Build.0 = Release|Any CPU
		{C1729A63-FFC2-4CB1-A667-E46944449FF7}.Debug|Any CPU.ActiveCfg = Debug|Any CPU
		{C1729A63-FFC2-4CB1-A667-E46944449FF7}.Debug|Any CPU.Build.0 = Debug|Any CPU
		{C1729A63-FFC2-4CB1-A667-E46944449FF7}.Release|Any CPU.ActiveCfg = Release|Any CPU
		{C1729A63-FFC2-4CB1-A667-E46944449FF7}.Release|Any CPU.Build.0 = Release|Any CPU
		{86CD04AB-902B-4D4B-95CD-7B667FF4B8A3}.Debug|Any CPU.ActiveCfg = Debug|Any CPU
		{86CD04AB-902B-4D4B-95CD-7B667FF4B8A3}.Debug|Any CPU.Build.0 = Debug|Any CPU
		{86CD04AB-902B-4D4B-95CD-7B667FF4B8A3}.Release|Any CPU.ActiveCfg = Release|Any CPU
		{86CD04AB-902B-4D4B-95CD-7B667FF4B8A3}.Release|Any CPU.Build.0 = Release|Any CPU
		{5BF0C844-CFA5-4E87-AAD1-D548127CDCE0}.Debug|Any CPU.ActiveCfg = Debug|Any CPU
		{5BF0C844-CFA5-4E87-AAD1-D548127CDCE0}.Debug|Any CPU.Build.0 = Debug|Any CPU
		{5BF0C844-CFA5-4E87-AAD1-D548127CDCE0}.Release|Any CPU.ActiveCfg = Release|Any CPU
		{5BF0C844-CFA5-4E87-AAD1-D548127CDCE0}.Release|Any CPU.Build.0 = Release|Any CPU
	EndGlobalSection
	GlobalSection(SolutionProperties) = preSolution
		HideSolutionNode = FALSE
	EndGlobalSection
EndGlobal
